
Microsoft Visual Studio Solution File, Format Version 12.00
# Visual Studio Version 16
VisualStudioVersion = 16.0.30011.22
MinimumVisualStudioVersion = 10.0.40219.1
Project("{FAE04EC0-301F-11D3-BF4B-00C04F79EFBC}") = "SermonOutlineSwitcher", "SermonOutlineSwitcher\SermonOutlineSwitcher.csproj", "{BD2AA101-E0A7-44B0-BE36-85FB2EC74044}"
EndProject
Global
	GlobalSection(SolutionConfigurationPlatforms) = preSolution
		Debug|ARM = Debug|ARM
		Debug|ARM64 = Debug|ARM64
		Debug|x64 = Debug|x64
		Debug|x86 = Debug|x86
		Release|ARM = Release|ARM
		Release|ARM64 = Release|ARM64
		Release|x64 = Release|x64
		Release|x86 = Release|x86
	EndGlobalSection
	GlobalSection(ProjectConfigurationPlatforms) = postSolution
		{BD2AA101-E0A7-44B0-BE36-85FB2EC74044}.Debug|ARM.ActiveCfg = Debug|Any CPU
		{BD2AA101-E0A7-44B0-BE36-85FB2EC74044}.Debug|ARM.Build.0 = Debug|Any CPU
		{BD2AA101-E0A7-44B0-BE36-85FB2EC74044}.Debug|ARM64.ActiveCfg = Debug|Any CPU
		{BD2AA101-E0A7-44B0-BE36-85FB2EC74044}.Debug|ARM64.Build.0 = Debug|Any CPU
		{BD2AA101-E0A7-44B0-BE36-85FB2EC74044}.Debug|x64.ActiveCfg = Debug|Any CPU
		{BD2AA101-E0A7-44B0-BE36-85FB2EC74044}.Debug|x64.Build.0 = Debug|Any CPU
		{BD2AA101-E0A7-44B0-BE36-85FB2EC74044}.Debug|x86.ActiveCfg = Debug|Any CPU
		{BD2AA101-E0A7-44B0-BE36-85FB2EC74044}.Debug|x86.Build.0 = Debug|Any CPU
		{BD2AA101-E0A7-44B0-BE36-85FB2EC74044}.Release|ARM.ActiveCfg = Release|Any CPU
		{BD2AA101-E0A7-44B0-BE36-85FB2EC74044}.Release|ARM.Build.0 = Release|Any CPU
		{BD2AA101-E0A7-44B0-BE36-85FB2EC74044}.Release|ARM64.ActiveCfg = Release|Any CPU
		{BD2AA101-E0A7-44B0-BE36-85FB2EC74044}.Release|ARM64.Build.0 = Release|Any CPU
		{BD2AA101-E0A7-44B0-BE36-85FB2EC74044}.Release|x64.ActiveCfg = Release|Any CPU
		{BD2AA101-E0A7-44B0-BE36-85FB2EC74044}.Release|x64.Build.0 = Release|Any CPU
		{BD2AA101-E0A7-44B0-BE36-85FB2EC74044}.Release|x86.ActiveCfg = Release|Any CPU
		{BD2AA101-E0A7-44B0-BE36-85FB2EC74044}.Release|x86.Build.0 = Release|Any CPU
	EndGlobalSection
	GlobalSection(SolutionProperties) = preSolution
		HideSolutionNode = FALSE
	EndGlobalSection
	GlobalSection(ExtensibilityGlobals) = postSolution
		SolutionGuid = {09162E57-F760-4D24-895A-DB8898DD04FD}
	EndGlobalSection
EndGlobal
